
Microsoft Visual Studio Solution File, Format Version 12.00
# Visual Studio Version 16
VisualStudioVersion = 16.0.31702.278
MinimumVisualStudioVersion = 10.0.40219.1
Project("{FAE04EC0-301F-11D3-BF4B-00C04F79EFBC}") = "Dictionary", "Dictionary.csproj", "{526AA439-465F-495F-A337-5311E639AB31}"
EndProject
Global
	GlobalSection(SolutionConfigurationPlatforms) = preSolution
		Debug|Any CPU = Debug|Any CPU
		Release|Any CPU = Release|Any CPU
	EndGlobalSection
	GlobalSection(ProjectConfigurationPlatforms) = postSolution
		{526AA439-465F-495F-A337-5311E639AB31}.Debug|Any CPU.ActiveCfg = Debug|Any CPU
		{526AA439-465F-495F-A337-5311E639AB31}.Debug|Any CPU.Build.0 = Debug|Any CPU
		{526AA439-465F-495F-A337-5311E639AB31}.Release|Any CPU.ActiveCfg = Release|Any CPU
		{526AA439-465F-495F-A337-5311E639AB31}.Release|Any CPU.Build.0 = Release|Any CPU
	EndGlobalSection
	GlobalSection(SolutionProperties) = preSolution
		HideSolutionNode = FALSE
	EndGlobalSection
	GlobalSection(ExtensibilityGlobals) = postSolution
		SolutionGuid = {CFD6B925-6BB1-4015-86F6-7B02AEBE3736}
	EndGlobalSection
EndGlobal
